
Microsoft Visual Studio Solution File, Format Version 12.00
# Visual Studio Version 16
VisualStudioVersion = 16.0.29519.181
MinimumVisualStudioVersion = 10.0.40219.1
Project("{9A19103F-16F7-4668-BE54-9A1E7A4F7556}") = "ChatServer", "ChatServer\ChatServer.csproj", "{F465CCD6-E8BF-4867-BEEE-E93D77E4216A}"
EndProject
Project("{9A19103F-16F7-4668-BE54-9A1E7A4F7556}") = "ChatClient", "ChatClient\ChatClient.csproj", "{7B716CD6-3EE5-45EA-8749-EA67A9FA195D}"
EndProject
Project("{FAE04EC0-301F-11D3-BF4B-00C04F79EFBC}") = "Common", "Common\Common.csproj", "{9865083B-1BC0-4CD4-BCE0-ECF18E35236C}"
EndProject
Global
	GlobalSection(SolutionConfigurationPlatforms) = preSolution
		Debug|Any CPU = Debug|Any CPU
		Release|Any CPU = Release|Any CPU
	EndGlobalSection
	GlobalSection(ProjectConfigurationPlatforms) = postSolution
		{F465CCD6-E8BF-4867-BEEE-E93D77E4216A}.Debug|Any CPU.ActiveCfg = Debug|Any CPU
		{F465CCD6-E8BF-4867-BEEE-E93D77E4216A}.Debug|Any CPU.Build.0 = Debug|Any CPU
		{F465CCD6-E8BF-4867-BEEE-E93D77E4216A}.Release|Any CPU.ActiveCfg = Release|Any CPU
		{F465CCD6-E8BF-4867-BEEE-E93D77E4216A}.Release|Any CPU.Build.0 = Release|Any CPU
		{7B716CD6-3EE5-45EA-8749-EA67A9FA195D}.Debug|Any CPU.ActiveCfg = Debug|Any CPU
		{7B716CD6-3EE5-45EA-8749-EA67A9FA195D}.Debug|Any CPU.Build.0 = Debug|Any CPU
		{7B716CD6-3EE5-45EA-8749-EA67A9FA195D}.Release|Any CPU.ActiveCfg = Release|Any CPU
		{7B716CD6-3EE5-45EA-8749-EA67A9FA195D}.Release|Any CPU.Build.0 = Release|Any CPU
		{9865083B-1BC0-4CD4-BCE0-ECF18E35236C}.Debug|Any CPU.ActiveCfg = Debug|Any CPU
		{9865083B-1BC0-4CD4-BCE0-ECF18E35236C}.Debug|Any CPU.Build.0 = Debug|Any CPU
		{9865083B-1BC0-4CD4-BCE0-ECF18E35236C}.Release|Any CPU.ActiveCfg = Release|Any CPU
		{9865083B-1BC0-4CD4-BCE0-ECF18E35236C}.Release|Any CPU.Build.0 = Release|Any CPU
	EndGlobalSection
	GlobalSection(SolutionProperties) = preSolution
		HideSolutionNode = FALSE
	EndGlobalSection
	GlobalSection(ExtensibilityGlobals) = postSolution
		SolutionGuid = {FD74E2DB-9288-454E-A7C3-99E6E9F5AB12}
	EndGlobalSection
EndGlobal
